github.com/ozontech/testo v1.3.2 h1:Lp/JsiSipN9BWF1LRufYar0V9e2kV8fadimM1r9wuTo=
github.com/ozontech/testo v1.3.2/go.mod h1:BxVrtOfDZlotYKtHu2u/+kH6qhUDZUBld6/MFa3VvVU=
github.com/ozontech/testo v1.3.3-0.20260601194429-d513ab01a5b7 h1:XzLaFv4017VZQdNXNmiVc1/04IhDY/7t2pFNaq75SK4=
github.com/ozontech/testo v1.3.3-0.20260601194429-d513ab01a5b7/go.mod h1:BxVrtOfDZlotYKtHu2u/+kH6qhUDZUBld6/MFa3VvVU=
