github.com/ozontech/testo v1.0.0 h1:JFwvv17bbP5aSZ5GZXiJPDNQFPC6N2zn0XjT4A+QbPc=
github.com/ozontech/testo v1.0.0/go.mod h1:BxVrtOfDZlotYKtHu2u/+kH6qhUDZUBld6/MFa3VvVU=
github.com/ozontech/testo v1.1.0 h1:+/4ywfCkAMgOOd/9xbb9sLUAsBC+/QqO955jM1qKdjs=
github.com/ozontech/testo v1.1.0/go.mod h1:BxVrtOfDZlotYKtHu2u/+kH6qhUDZUBld6/MFa3VvVU=
